
Microsoft Visual Studio Solution File, Format Version 12.00
# Visual Studio Version 17
VisualStudioVersion = 17.2.32526.322
MinimumVisualStudioVersion = 10.0.40219.1
Project("{FAE04EC0-301F-11D3-BF4B-00C04F79EFBC}") = "Lecture5", "Lecture5\Lecture5.csproj", "{CEA67BD8-59C9-4099-851B-5EC36FC500CC}"
EndProject
Global
	GlobalSection(SolutionConfigurationPlatforms) = preSolution
		Debug|Any CPU = Debug|Any CPU
		Release|Any CPU = Release|Any CPU
	EndGlobalSection
	GlobalSection(ProjectConfigurationPlatforms) = postSolution
		{CEA67BD8-59C9-4099-851B-5EC36FC500CC}.Debug|Any CPU.ActiveCfg = Debug|Any CPU
		{CEA67BD8-59C9-4099-851B-5EC36FC500CC}.Debug|Any CPU.Build.0 = Debug|Any CPU
		{CEA67BD8-59C9-4099-851B-5EC36FC500CC}.Release|Any CPU.ActiveCfg = Release|Any CPU
		{CEA67BD8-59C9-4099-851B-5EC36FC500CC}.Release|Any CPU.Build.0 = Release|Any CPU
	EndGlobalSection
	GlobalSection(SolutionProperties) = preSolution
		HideSolutionNode = FALSE
	EndGlobalSection
	GlobalSection(ExtensibilityGlobals) = postSolution
		SolutionGuid = {ACD54E77-DCA7-4C65-9202-D894847BD408}
	EndGlobalSection
EndGlobal
